
Microsoft Visual Studio Solution File, Format Version 12.00
# Visual Studio 15
VisualStudioVersion = 15.0.28307.1433
MinimumVisualStudioVersion = 10.0.40219.1
Project("{FAE04EC0-301F-11D3-BF4B-00C04F79EFBC}") = "MensajeroApp", "MensajeroApp\MensajeroApp.csproj", "{28DB027E-C5DF-4F89-B101-4CEFBFB93114}"
	ProjectSection(ProjectDependencies) = postProject
		{6F4C5A6C-69D7-4054-AE92-8F9B9CB67AE6} = {6F4C5A6C-69D7-4054-AE92-8F9B9CB67AE6}
	EndProjectSection
EndProject
Project("{FAE04EC0-301F-11D3-BF4B-00C04F79EFBC}") = "MensajeroModel", "MensajeroModel\MensajeroModel.csproj", "{6F4C5A6C-69D7-4054-AE92-8F9B9CB67AE6}"
EndProject
Project("{FAE04EC0-301F-11D3-BF4B-00C04F79EFBC}") = "SocketUtils", "SocketUtils\SocketUtils.csproj", "{EB06ED54-D872-4800-8AEA-02341964B8CB}"
EndProject
Global
	GlobalSection(SolutionConfigurationPlatforms) = preSolution
		Debug|Any CPU = Debug|Any CPU
		Release|Any CPU = Release|Any CPU
	EndGlobalSection
	GlobalSection(ProjectConfigurationPlatforms) = postSolution
		{28DB027E-C5DF-4F89-B101-4CEFBFB93114}.Debug|Any CPU.ActiveCfg = Debug|Any CPU
		{28DB027E-C5DF-4F89-B101-4CEFBFB93114}.Debug|Any CPU.Build.0 = Debug|Any CPU
		{28DB027E-C5DF-4F89-B101-4CEFBFB93114}.Release|Any CPU.ActiveCfg = Release|Any CPU
		{28DB027E-C5DF-4F89-B101-4CEFBFB93114}.Release|Any CPU.Build.0 = Release|Any CPU
		{6F4C5A6C-69D7-4054-AE92-8F9B9CB67AE6}.Debug|Any CPU.ActiveCfg = Debug|Any CPU
		{6F4C5A6C-69D7-4054-AE92-8F9B9CB67AE6}.Debug|Any CPU.Build.0 = Debug|Any CPU
		{6F4C5A6C-69D7-4054-AE92-8F9B9CB67AE6}.Release|Any CPU.ActiveCfg = Release|Any CPU
		{6F4C5A6C-69D7-4054-AE92-8F9B9CB67AE6}.Release|Any CPU.Build.0 = Release|Any CPU
		{EB06ED54-D872-4800-8AEA-02341964B8CB}.Debug|Any CPU.ActiveCfg = Debug|Any CPU
		{EB06ED54-D872-4800-8AEA-02341964B8CB}.Debug|Any CPU.Build.0 = Debug|Any CPU
		{EB06ED54-D872-4800-8AEA-02341964B8CB}.Release|Any CPU.ActiveCfg = Release|Any CPU
		{EB06ED54-D872-4800-8AEA-02341964B8CB}.Release|Any CPU.Build.0 = Release|Any CPU
	EndGlobalSection
	GlobalSection(SolutionProperties) = preSolution
		HideSolutionNode = FALSE
	EndGlobalSection
	GlobalSection(ExtensibilityGlobals) = postSolution
		SolutionGuid = {23F28836-103A-4E82-9497-DE028E09E6C4}
	EndGlobalSection
EndGlobal
